
Microsoft Visual Studio Solution File, Format Version 12.00
# Visual Studio 2013
VisualStudioVersion = 12.0.40629.0
MinimumVisualStudioVersion = 10.0.40219.1
Project("{FAE04EC0-301F-11D3-BF4B-00C04F79EFBC}") = "DesignPatterns", "DesignPatterns\DesignPatterns.csproj", "{4AA9CD4B-9C34-4F25-9CB2-622428EF7AB7}"
EndProject
Project("{FAE04EC0-301F-11D3-BF4B-00C04F79EFBC}") = "SRP", "SRP\SRP.csproj", "{E90FAC72-2BCD-46FF-8A99-90C639063C87}"
EndProject
Project("{FAE04EC0-301F-11D3-BF4B-00C04F79EFBC}") = "Singleton", "Singleton\Singleton.csproj", "{B884C79D-ADB7-4195-85E7-CEB040AC09D4}"
EndProject
Project("{FAE04EC0-301F-11D3-BF4B-00C04F79EFBC}") = "Observer", "Observer\Observer.csproj", "{BED89748-253F-4604-839D-AE2EFE1093E9}"
EndProject
Project("{FAE04EC0-301F-11D3-BF4B-00C04F79EFBC}") = "Iterator", "Iterator\Iterator.csproj", "{045EE29B-3F11-46E7-A623-00557322C5C7}"
EndProject
Project("{FAE04EC0-301F-11D3-BF4B-00C04F79EFBC}") = "Decorator", "Decorator\Decorator.csproj", "{44DB2DB8-44B2-41E2-B018-5B39F090DA15}"
EndProject
Global
	GlobalSection(SolutionConfigurationPlatforms) = preSolution
		Debug|Any CPU = Debug|Any CPU
		Release|Any CPU = Release|Any CPU
	EndGlobalSection
	GlobalSection(ProjectConfigurationPlatforms) = postSolution
		{4AA9CD4B-9C34-4F25-9CB2-622428EF7AB7}.Debug|Any CPU.ActiveCfg = Debug|Any CPU
		{4AA9CD4B-9C34-4F25-9CB2-622428EF7AB7}.Debug|Any CPU.Build.0 = Debug|Any CPU
		{4AA9CD4B-9C34-4F25-9CB2-622428EF7AB7}.Release|Any CPU.ActiveCfg = Release|Any CPU
		{4AA9CD4B-9C34-4F25-9CB2-622428EF7AB7}.Release|Any CPU.Build.0 = Release|Any CPU
		{E90FAC72-2BCD-46FF-8A99-90C639063C87}.Debug|Any CPU.ActiveCfg = Debug|Any CPU
		{E90FAC72-2BCD-46FF-8A99-90C639063C87}.Debug|Any CPU.Build.0 = Debug|Any CPU
		{E90FAC72-2BCD-46FF-8A99-90C639063C87}.Release|Any CPU.ActiveCfg = Release|Any CPU
		{E90FAC72-2BCD-46FF-8A99-90C639063C87}.Release|Any CPU.Build.0 = Release|Any CPU
		{B884C79D-ADB7-4195-85E7-CEB040AC09D4}.Debug|Any CPU.ActiveCfg = Debug|Any CPU
		{B884C79D-ADB7-4195-85E7-CEB040AC09D4}.Debug|Any CPU.Build.0 = Debug|Any CPU
		{B884C79D-ADB7-4195-85E7-CEB040AC09D4}.Release|Any CPU.ActiveCfg = Release|Any CPU
		{B884C79D-ADB7-4195-85E7-CEB040AC09D4}.Release|Any CPU.Build.0 = Release|Any CPU
		{BED89748-253F-4604-839D-AE2EFE1093E9}.Debug|Any CPU.ActiveCfg = Debug|Any CPU
		{BED89748-253F-4604-839D-AE2EFE1093E9}.Debug|Any CPU.Build.0 = Debug|Any CPU
		{BED89748-253F-4604-839D-AE2EFE1093E9}.Release|Any CPU.ActiveCfg = Release|Any CPU
		{BED89748-253F-4604-839D-AE2EFE1093E9}.Release|Any CPU.Build.0 = Release|Any CPU
		{045EE29B-3F11-46E7-A623-00557322C5C7}.Debug|Any CPU.ActiveCfg = Debug|Any CPU
		{045EE29B-3F11-46E7-A623-00557322C5C7}.Debug|Any CPU.Build.0 = Debug|Any CPU
		{045EE29B-3F11-46E7-A623-00557322C5C7}.Release|Any CPU.ActiveCfg = Release|Any CPU
		{045EE29B-3F11-46E7-A623-00557322C5C7}.Release|Any CPU.Build.0 = Release|Any CPU
		{44DB2DB8-44B2-41E2-B018-5B39F090DA15}.Debug|Any CPU.ActiveCfg = Debug|Any CPU
		{44DB2DB8-44B2-41E2-B018-5B39F090DA15}.Debug|Any CPU.Build.0 = Debug|Any CPU
		{44DB2DB8-44B2-41E2-B018-5B39F090DA15}.Release|Any CPU.ActiveCfg = Release|Any CPU
		{44DB2DB8-44B2-41E2-B018-5B39F090DA15}.Release|Any CPU.Build.0 = Release|Any CPU
	EndGlobalSection
	GlobalSection(SolutionProperties) = preSolution
		HideSolutionNode = FALSE
	EndGlobalSection
EndGlobal
